
Microsoft Visual Studio Solution File, Format Version 12.00
# Visual Studio Version 17
VisualStudioVersion = 17.0.31717.71
MinimumVisualStudioVersion = 10.0.40219.1
Project("{9A19103F-16F7-4668-BE54-9A1E7A4F7556}") = "TelegramBot", "TelegramBot\TelegramBot.csproj", "{4901AED0-282B-4D48-A1ED-6B98D6223700}"
EndProject
Project("{9A19103F-16F7-4668-BE54-9A1E7A4F7556}") = "Core", "Core\Core.csproj", "{CC2353B7-09D3-4EF9-A733-61242420197C}"
EndProject
Project("{9A19103F-16F7-4668-BE54-9A1E7A4F7556}") = "Core.Entities", "Core.Entities\Core.Entities.csproj", "{29A99544-C049-4650-A97E-FFEEDC867208}"
EndProject
Project("{9A19103F-16F7-4668-BE54-9A1E7A4F7556}") = "ConsoleLauncher", "ConsoleLauncher\ConsoleLauncher.csproj", "{F5F73F0B-9038-45C1-842F-9D7CED620224}"
EndProject
Project("{9A19103F-16F7-4668-BE54-9A1E7A4F7556}") = "AspLauncher", "AspLauncher\AspLauncher.csproj", "{84C28BA1-890A-4678-BFE5-81EE4EBCED2C}"
EndProject
Project("{9A19103F-16F7-4668-BE54-9A1E7A4F7556}") = "Manager", "Manager\Manager.csproj", "{79B9BE44-1FF8-4F31-A16C-9459C0507BDD}"
EndProject
Project("{9A19103F-16F7-4668-BE54-9A1E7A4F7556}") = "ForecastBuilder", "ForecastBuilder\ForecastBuilder.csproj", "{12EB3238-738A-46C2-98CA-C524C7FE2B99}"
EndProject
Global
	GlobalSection(SolutionConfigurationPlatforms) = preSolution
		Debug|Any CPU = Debug|Any CPU
		Release|Any CPU = Release|Any CPU
	EndGlobalSection
	GlobalSection(ProjectConfigurationPlatforms) = postSolution
		{4901AED0-282B-4D48-A1ED-6B98D6223700}.Debug|Any CPU.ActiveCfg = Debug|Any CPU
		{4901AED0-282B-4D48-A1ED-6B98D6223700}.Debug|Any CPU.Build.0 = Debug|Any CPU
		{4901AED0-282B-4D48-A1ED-6B98D6223700}.Release|Any CPU.ActiveCfg = Release|Any CPU
		{4901AED0-282B-4D48-A1ED-6B98D6223700}.Release|Any CPU.Build.0 = Release|Any CPU
		{CC2353B7-09D3-4EF9-A733-61242420197C}.Debug|Any CPU.ActiveCfg = Debug|Any CPU
		{CC2353B7-09D3-4EF9-A733-61242420197C}.Debug|Any CPU.Build.0 = Debug|Any CPU
		{CC2353B7-09D3-4EF9-A733-61242420197C}.Release|Any CPU.ActiveCfg = Release|Any CPU
		{CC2353B7-09D3-4EF9-A733-61242420197C}.Release|Any CPU.Build.0 = Release|Any CPU
		{29A99544-C049-4650-A97E-FFEEDC867208}.Debug|Any CPU.ActiveCfg = Debug|Any CPU
		{29A99544-C049-4650-A97E-FFEEDC867208}.Debug|Any CPU.Build.0 = Debug|Any CPU
		{29A99544-C049-4650-A97E-FFEEDC867208}.Release|Any CPU.ActiveCfg = Release|Any CPU
		{29A99544-C049-4650-A97E-FFEEDC867208}.Release|Any CPU.Build.0 = Release|Any CPU
		{F5F73F0B-9038-45C1-842F-9D7CED620224}.Debug|Any CPU.ActiveCfg = Debug|Any CPU
		{F5F73F0B-9038-45C1-842F-9D7CED620224}.Debug|Any CPU.Build.0 = Debug|Any CPU
		{F5F73F0B-9038-45C1-842F-9D7CED620224}.Release|Any CPU.ActiveCfg = Release|Any CPU
		{F5F73F0B-9038-45C1-842F-9D7CED620224}.Release|Any CPU.Build.0 = Release|Any CPU
		{84C28BA1-890A-4678-BFE5-81EE4EBCED2C}.Debug|Any CPU.ActiveCfg = Debug|Any CPU
		{84C28BA1-890A-4678-BFE5-81EE4EBCED2C}.Debug|Any CPU.Build.0 = Debug|Any CPU
		{84C28BA1-890A-4678-BFE5-81EE4EBCED2C}.Release|Any CPU.ActiveCfg = Release|Any CPU
		{84C28BA1-890A-4678-BFE5-81EE4EBCED2C}.Release|Any CPU.Build.0 = Release|Any CPU
		{79B9BE44-1FF8-4F31-A16C-9459C0507BDD}.Debug|Any CPU.ActiveCfg = Debug|Any CPU
		{79B9BE44-1FF8-4F31-A16C-9459C0507BDD}.Debug|Any CPU.Build.0 = Debug|Any CPU
		{79B9BE44-1FF8-4F31-A16C-9459C0507BDD}.Release|Any CPU.ActiveCfg = Release|Any CPU
		{79B9BE44-1FF8-4F31-A16C-9459C0507BDD}.Release|Any CPU.Build.0 = Release|Any CPU
		{12EB3238-738A-46C2-98CA-C524C7FE2B99}.Debug|Any CPU.ActiveCfg = Debug|Any CPU
		{12EB3238-738A-46C2-98CA-C524C7FE2B99}.Debug|Any CPU.Build.0 = Debug|Any CPU
		{12EB3238-738A-46C2-98CA-C524C7FE2B99}.Release|Any CPU.ActiveCfg = Release|Any CPU
		{12EB3238-738A-46C2-98CA-C524C7FE2B99}.Release|Any CPU.Build.0 = Release|Any CPU
	EndGlobalSection
	GlobalSection(SolutionProperties) = preSolution
		HideSolutionNode = FALSE
	EndGlobalSection
	GlobalSection(ExtensibilityGlobals) = postSolution
		SolutionGuid = {8C450A17-B597-445D-9BCB-34CF96B0CBFC}
	EndGlobalSection
EndGlobal
